
Microsoft Visual Studio Solution File, Format Version 12.00
# Visual Studio 15
VisualStudioVersion = 15.0.28010.2046
MinimumVisualStudioVersion = 10.0.40219.1
Project("{FAE04EC0-301F-11D3-BF4B-00C04F79EFBC}") = "LoanAmortization", "LoanAmortization\LoanAmortization.csproj", "{08BC6C7D-1B82-4E7F-914F-19900B14228C}"
EndProject
Global
	GlobalSection(SolutionConfigurationPlatforms) = preSolution
		Debug|Any CPU = Debug|Any CPU
		Release|Any CPU = Release|Any CPU
	EndGlobalSection
	GlobalSection(ProjectConfigurationPlatforms) = postSolution
		{08BC6C7D-1B82-4E7F-914F-19900B14228C}.Debug|Any CPU.ActiveCfg = Debug|Any CPU
		{08BC6C7D-1B82-4E7F-914F-19900B14228C}.Debug|Any CPU.Build.0 = Debug|Any CPU
		{08BC6C7D-1B82-4E7F-914F-19900B14228C}.Release|Any CPU.ActiveCfg = Release|Any CPU
		{08BC6C7D-1B82-4E7F-914F-19900B14228C}.Release|Any CPU.Build.0 = Release|Any CPU
	EndGlobalSection
	GlobalSection(SolutionProperties) = preSolution
		HideSolutionNode = FALSE
	EndGlobalSection
	GlobalSection(ExtensibilityGlobals) = postSolution
		SolutionGuid = {50C1B804-4226-4A25-8AB6-0C1831701E8A}
	EndGlobalSection
EndGlobal
